
Microsoft Visual Studio Solution File, Format Version 12.00
# Visual Studio Version 16
VisualStudioVersion = 16.0.31624.102
MinimumVisualStudioVersion = 10.0.40219.1
Project("{FAE04EC0-301F-11D3-BF4B-00C04F79EFBC}") = "Messaging Service", "Messaging Service\Messaging Service.csproj", "{5E766621-0C0E-448E-8C5D-115EA7C8EB15}"
EndProject
Global
	GlobalSection(SolutionConfigurationPlatforms) = preSolution
		Debug|Any CPU = Debug|Any CPU
		Release|Any CPU = Release|Any CPU
	EndGlobalSection
	GlobalSection(ProjectConfigurationPlatforms) = postSolution
		{5E766621-0C0E-448E-8C5D-115EA7C8EB15}.Debug|Any CPU.ActiveCfg = Debug|Any CPU
		{5E766621-0C0E-448E-8C5D-115EA7C8EB15}.Debug|Any CPU.Build.0 = Debug|Any CPU
		{5E766621-0C0E-448E-8C5D-115EA7C8EB15}.Release|Any CPU.ActiveCfg = Release|Any CPU
		{5E766621-0C0E-448E-8C5D-115EA7C8EB15}.Release|Any CPU.Build.0 = Release|Any CPU
	EndGlobalSection
	GlobalSection(SolutionProperties) = preSolution
		HideSolutionNode = FALSE
	EndGlobalSection
	GlobalSection(ExtensibilityGlobals) = postSolution
		SolutionGuid = {36CDD968-0CD9-402B-8829-08A98B33F5EC}
	EndGlobalSection
EndGlobal
